
Microsoft Visual Studio Solution File, Format Version 12.00
# Visual Studio Version 16
VisualStudioVersion = 16.0.30611.23
MinimumVisualStudioVersion = 10.0.40219.1
Project("{FAE04EC0-301F-11D3-BF4B-00C04F79EFBC}") = "TicTacToe_MinMax", "TicTacToe_MinMax\TicTacToe_MinMax.csproj", "{1FE33C0F-E6DB-4ED2-8CDB-D32A15C18A81}"
EndProject
Global
	GlobalSection(SolutionConfigurationPlatforms) = preSolution
		Debug|Any CPU = Debug|Any CPU
		Release|Any CPU = Release|Any CPU
	EndGlobalSection
	GlobalSection(ProjectConfigurationPlatforms) = postSolution
		{1FE33C0F-E6DB-4ED2-8CDB-D32A15C18A81}.Debug|Any CPU.ActiveCfg = Debug|Any CPU
		{1FE33C0F-E6DB-4ED2-8CDB-D32A15C18A81}.Debug|Any CPU.Build.0 = Debug|Any CPU
		{1FE33C0F-E6DB-4ED2-8CDB-D32A15C18A81}.Release|Any CPU.ActiveCfg = Release|Any CPU
		{1FE33C0F-E6DB-4ED2-8CDB-D32A15C18A81}.Release|Any CPU.Build.0 = Release|Any CPU
	EndGlobalSection
	GlobalSection(SolutionProperties) = preSolution
		HideSolutionNode = FALSE
	EndGlobalSection
	GlobalSection(ExtensibilityGlobals) = postSolution
		SolutionGuid = {3CAE24A3-D148-43A9-93CE-93E3BAC9A6E8}
	EndGlobalSection
EndGlobal
